
Microsoft Visual Studio Solution File, Format Version 12.00
# Visual Studio Version 17
VisualStudioVersion = 17.9.34616.47
MinimumVisualStudioVersion = 10.0.40219.1
Project("{9A19103F-16F7-4668-BE54-9A1E7A4F7556}") = "EasyLearningTemplate", "EasyLearningTemplate\EasyLearningTemplate.csproj", "{339F0C4D-D6C6-4470-B6CC-C117BD652731}"
EndProject
Project("{9A19103F-16F7-4668-BE54-9A1E7A4F7556}") = "CourseTask.Tests", "CourseTask.Tests\CourseTask.Tests.csproj", "{B414C9A0-E675-4712-A49E-8E9DC1A5EB7C}"
EndProject
Global
	GlobalSection(SolutionConfigurationPlatforms) = preSolution
		Debug|Any CPU = Debug|Any CPU
		Release|Any CPU = Release|Any CPU
	EndGlobalSection
	GlobalSection(ProjectConfigurationPlatforms) = postSolution
		{339F0C4D-D6C6-4470-B6CC-C117BD652731}.Debug|Any CPU.ActiveCfg = Debug|Any CPU
		{339F0C4D-D6C6-4470-B6CC-C117BD652731}.Debug|Any CPU.Build.0 = Debug|Any CPU
		{339F0C4D-D6C6-4470-B6CC-C117BD652731}.Release|Any CPU.ActiveCfg = Release|Any CPU
		{339F0C4D-D6C6-4470-B6CC-C117BD652731}.Release|Any CPU.Build.0 = Release|Any CPU
		{B414C9A0-E675-4712-A49E-8E9DC1A5EB7C}.Debug|Any CPU.ActiveCfg = Debug|Any CPU
		{B414C9A0-E675-4712-A49E-8E9DC1A5EB7C}.Debug|Any CPU.Build.0 = Debug|Any CPU
		{B414C9A0-E675-4712-A49E-8E9DC1A5EB7C}.Release|Any CPU.ActiveCfg = Release|Any CPU
		{B414C9A0-E675-4712-A49E-8E9DC1A5EB7C}.Release|Any CPU.Build.0 = Release|Any CPU
	EndGlobalSection
	GlobalSection(SolutionProperties) = preSolution
		HideSolutionNode = FALSE
	EndGlobalSection
	GlobalSection(ExtensibilityGlobals) = postSolution
		SolutionGuid = {1BA827DF-6AC8-4B2E-9671-AB66D093D2E3}
	EndGlobalSection
EndGlobal
